// !$*UTF8*$!
{
	archiveVersion = 1;
	classes = {
	};
	objectVersion = 46;
	objects = {

/* Begin PBXBuildFile section */
		B768E2AFFA358781E003AB1C /* libPods.a in Frameworks */ = {isa = PBXBuildFile; fileRef = 1C89968B116ECDC4991D9A97 /* libPods.a */; };
		DF381B851C016236000B9AE8 /* main.m in Sources */ = {isa = PBXBuildFile; fileRef = DF381B841C016236000B9AE8 /* main.m */; };
		DF381B881C016236000B9AE8 /* AppDelegate.m in Sources */ = {isa = PBXBuildFile; fileRef = DF381B871C016236000B9AE8 /* AppDelegate.m */; };
		DF381B8B1C016236000B9AE8 /* JLCollectionViewController.m in Sources */ = {isa = PBXBuildFile; fileRef = DF381B8A1C016236000B9AE8 /* JLCollectionViewController.m */; };
		DF381B8E1C016236000B9AE8 /* Main.storyboard in Resources */ = {isa = PBXBuildFile; fileRef = DF381B8C1C016236000B9AE8 /* Main.storyboard */; };
		DF381B901C016236000B9AE8 /* Assets.xcassets in Resources */ = {isa = PBXBuildFile; fileRef = DF381B8F1C016236000B9AE8 /* Assets.xcassets */; };
		DF381B931C016236000B9AE8 /* LaunchScreen.storyboard in Resources */ = {isa = PBXBuildFile; fileRef = DF381B911C016236000B9AE8 /* LaunchScreen.storyboard */; };
		DF381B9C1C01B3E3000B9AE8 /* JLCollectionViewCell.m in Sources */ = {isa = PBXBuildFile; fileRef = DF381B9B1C01B3E3000B9AE8 /* JLCollectionViewCell.m */; };
		DF381B9F1C01B744000B9AE8 /* JLAPIManager.m in Sources */ = {isa = PBXBuildFile; fileRef = DF381B9E1C01B744000B9AE8 /* JLAPIManager.m */; };
/* End PBXBuildFile section */

/* Begin PBXFileReference section */
		1C89968B116ECDC4991D9A97 /* libPods.a */ = {isa = PBXFileReference; explicitFileType = archive.ar; includeInIndex = 0; path = libPods.a; sourceTree = BUILT_PRODUCTS_DIR; };
		85E4151D8035C06DB7FCD295 /* Pods.debug.xcconfig */ = {isa = PBXFileReference; includeInIndex = 1; lastKnownFileType = text.xcconfig; name = Pods.debug.xcconfig; path = "Pods/Target Support Files/Pods/Pods.debug.xcconfig"; sourceTree = "<group>"; };
		BE5C76B9A5E961AED9457A5A /* Pods.release.xcconfig */ = {isa = PBXFileReference; includeInIndex = 1; lastKnownFileType = text.xcconfig; name = Pods.release.xcconfig; path = "Pods/Target Support Files/Pods/Pods.release.xcconfig"; sourceTree = "<group>"; };
		DF381B801C016236000B9AE8 /* Last_Twenty_Instagram.app */ = {isa = PBXFileReference; explicitFileType = wrapper.application; includeInIndex = 0; path = Last_Twenty_Instagram.app; sourceTree = BUILT_PRODUCTS_DIR; };
		DF381B841C016236000B9AE8 /* main.m */ = {isa = PBXFileReference; lastKnownFileType = sourcecode.c.objc; path = main.m; sourceTree = "<group>"; };
		DF381B861C016236000B9AE8 /* AppDelegate.h */ = {isa = PBXFileReference; lastKnownFileType = sourcecode.c.h; path = AppDelegate.h; sourceTree = "<group>"; };
		DF381B871C016236000B9AE8 /* AppDelegate.m */ = {isa = PBXFileReference; lastKnownFileType = sourcecode.c.objc; path = AppDelegate.m; sourceTree = "<group>"; };
		DF381B891C016236000B9AE8 /* JLCollectionViewController.h */ = {isa = PBXFileReference; lastKnownFileType = sourcecode.c.h; path = JLCollectionViewController.h; sourceTree = "<group>"; };
		DF381B8A1C016236000B9AE8 /* JLCollectionViewController.m */ = {isa = PBXFileReference; lastKnownFileType = sourcecode.c.objc; path = JLCollectionViewController.m; sourceTree = "<group>"; };
		DF381B8D1C016236000B9AE8 /* Base */ = {isa = PBXFileReference; lastKnownFileType = file.storyboard; name = Base; path = Base.lproj/Main.storyboard; sourceTree = "<group>"; };
		DF381B8F1C016236000B9AE8 /* Assets.xcassets */ = {isa = PBXFileReference; lastKnownFileType = folder.assetcatalog; path = Assets.xcassets; sourceTree = "<group>"; };
		DF381B921C016236000B9AE8 /* Base */ = {isa = PBXFileReference; lastKnownFileType = file.storyboard; name = Base; path = Base.lproj/LaunchScreen.storyboard; sourceTree = "<group>"; };
		DF381B941C016236000B9AE8 /* Info.plist */ = {isa = PBXFileReference; lastKnownFileType = text.plist.xml; path = Info.plist; sourceTree = "<group>"; };
		DF381B9A1C01B3E3000B9AE8 /* JLCollectionViewCell.h */ = {isa = PBXFileReference; fileEncoding = 4; lastKnownFileType = sourcecode.c.h; path = JLCollectionViewCell.h; sourceTree = "<group>"; };
		DF381B9B1C01B3E3000B9AE8 /* JLCollectionViewCell.m */ = {isa = PBXFileReference; fileEncoding = 4; lastKnownFileType = sourcecode.c.objc; path = JLCollectionViewCell.m; sourceTree = "<group>"; };
		DF381B9D1C01B744000B9AE8 /* JLAPIManager.h */ = {isa = PBXFileReference; fileEncoding = 4; lastKnownFileType = sourcecode.c.h; path = JLAPIManager.h; sourceTree = "<group>"; };
		DF381B9E1C01B744000B9AE8 /* JLAPIManager.m */ = {isa = PBXFileReference; fileEncoding = 4; lastKnownFileType = sourcecode.c.objc; path = JLAPIManager.m; sourceTree = "<group>"; };
/* End PBXFileReference section */

/* Begin PBXFrameworksBuildPhase section */
		DF381B7D1C016236000B9AE8 /* Frameworks */ = {
			isa = PBXFrameworksBuildPhase;
			buildActionMask = 2147483647;
			files = (
				B768E2AFFA358781E003AB1C /* libPods.a in Frameworks */,
			);
			runOnlyForDeploymentPostprocessing = 0;
		};
/* End PBXFrameworksBuildPhase section */

/* Begin PBXGroup section */
		72DCDB97DA6232DC1DD4E089 /* Frameworks */ = {
			isa = PBXGroup;
			children = (
				1C89968B116ECDC4991D9A97 /* libPods.a */,
			);
			name = Frameworks;
			sourceTree = "<group>";
		};
		CA27680B2E829C8F70AA561C /* Pods */ = {
			isa = PBXGroup;
			children = (
				85E4151D8035C06DB7FCD295 /* Pods.debug.xcconfig */,
				BE5C76B9A5E961AED9457A5A /* Pods.release.xcconfig */,
			);
			name = Pods;
			sourceTree = "<group>";
		};
		DF381B771C016236000B9AE8 = {
			isa = PBXGroup;
			children = (
				DF381B821C016236000B9AE8 /* Last_Twenty_Instagram */,
				DF381B811C016236000B9AE8 /* Products */,
				CA27680B2E829C8F70AA561C /* Pods */,
				72DCDB97DA6232DC1DD4E089 /* Frameworks */,
			);
			sourceTree = "<group>";
		};
		DF381B811C016236000B9AE8 /* Products */ = {
			isa = PBXGroup;
			children = (
				DF381B801C016236000B9AE8 /* Last_Twenty_Instagram.app */,
			);
			name = Products;
			sourceTree = "<group>";
		};
		DF381B821C016236000B9AE8 /* Last_Twenty_Instagram */ = {
			isa = PBXGroup;
			children = (
				DF381B8C1C016236000B9AE8 /* Main.storyboard */,
				DF381B8F1C016236000B9AE8 /* Assets.xcassets */,
				DF381B911C016236000B9AE8 /* LaunchScreen.storyboard */,
				DF381BA01C01B76C000B9AE8 /* View */,
				DF381BA11C01B774000B9AE8 /* Controller */,
				DF381BA21C01B7A1000B9AE8 /* Manager */,
				DF381B831C016236000B9AE8 /* Supporting Files */,
			);
			path = Last_Twenty_Instagram;
			sourceTree = "<group>";
		};
		DF381B831C016236000B9AE8 /* Supporting Files */ = {
			isa = PBXGroup;
			children = (
				DF381B861C016236000B9AE8 /* AppDelegate.h */,
				DF381B871C016236000B9AE8 /* AppDelegate.m */,
				DF381B941C016236000B9AE8 /* Info.plist */,
				DF381B841C016236000B9AE8 /* main.m */,
			);
			name = "Supporting Files";
			sourceTree = "<group>";
		};
		DF381BA01C01B76C000B9AE8 /* View */ = {
			isa = PBXGroup;
			children = (
				DF381B9A1C01B3E3000B9AE8 /* JLCollectionViewCell.h */,
				DF381B9B1C01B3E3000B9AE8 /* JLCollectionViewCell.m */,
			);
			name = View;
			sourceTree = "<group>";
		};
		DF381BA11C01B774000B9AE8 /* Controller */ = {
			isa = PBXGroup;
			children = (
				DF381B891C016236000B9AE8 /* JLCollectionViewController.h */,
				DF381B8A1C016236000B9AE8 /* JLCollectionViewController.m */,
			);
			name = Controller;
			sourceTree = "<group>";
		};
		DF381BA21C01B7A1000B9AE8 /* Manager */ = {
			isa = PBXGroup;
			children = (
				DF381B9D1C01B744000B9AE8 /* JLAPIManager.h */,
				DF381B9E1C01B744000B9AE8 /* JLAPIManager.m */,
			);
			name = Manager;
			sourceTree = "<group>";
		};
/* End PBXGroup section */

/* Begin PBXNativeTarget section */
		DF381B7F1C016236000B9AE8 /* Last_Twenty_Instagram */ = {
			isa = PBXNativeTarget;
			buildConfigurationList = DF381B971C016236000B9AE8 /* Build configuration list for PBXNativeTarget "Last_Twenty_Instagram" */;
			buildPhases = (
				6E76E601E292651B60F2F598 /* Check Pods Manifest.lock */,
				DF381B7C1C016236000B9AE8 /* Sources */,
				DF381B7D1C016236000B9AE8 /* Frameworks */,
				DF381B7E1C016236000B9AE8 /* Resources */,
				3BD2F0A3DD7012284B880556 /* Embed Pods Frameworks */,
				F75A0EE5E4309826021C2E9C /* Copy Pods Resources */,
			);
			buildRules = (
			);
			dependencies = (
			);
			name = Last_Twenty_Instagram;
			productName = Last_Twenty_Instagram;
			productReference = DF381B801C016236000B9AE8 /* Last_Twenty_Instagram.app */;
			productType = "com.apple.product-type.application";
		};
/* End PBXNativeTarget section */

/* Begin PBXProject section */
		DF381B781C016236000B9AE8 /* Project object */ = {
			isa = PBXProject;
			attributes = {
				LastUpgradeCheck = 0710;
				ORGANIZATIONNAME = "Julia Lin";
				TargetAttributes = {
					DF381B7F1C016236000B9AE8 = {
						CreatedOnToolsVersion = 7.1.1;
						DevelopmentTeam = 668VK7AL9G;
					};
				};
			};
			buildConfigurationList = DF381B7B1C016236000B9AE8 /* Build configuration list for PBXProject "Last_Twenty_Instagram" */;
			compatibilityVersion = "Xcode 3.2";
			developmentRegion = English;
			hasScannedForEncodings = 0;
			knownRegions = (
				en,
				Base,
			);
			mainGroup = DF381B771C016236000B9AE8;
			productRefGroup = DF381B811C016236000B9AE8 /* Products */;
			projectDirPath = "";
			projectRoot = "";
			targets = (
				DF381B7F1C016236000B9AE8 /* Last_Twenty_Instagram */,
			);
		};
/* End PBXProject section */

/* Begin PBXResourcesBuildPhase section */
		DF381B7E1C016236000B9AE8 /* Resources */ = {
			isa = PBXResourcesBuildPhase;
			buildActionMask = 2147483647;
			files = (
				DF381B931C016236000B9AE8 /* LaunchScreen.storyboard in Resources */,
				DF381B901C016236000B9AE8 /* Assets.xcassets in Resources */,
				DF381B8E1C016236000B9AE8 /* Main.storyboard in Resources */,
			);
			runOnlyForDeploymentPostprocessing = 0;
		};
/* End PBXResourcesBuildPhase section */

/* Begin PBXShellScriptBuildPhase section */
		3BD2F0A3DD7012284B880556 /* Embed Pods Frameworks */ = {
			isa = PBXShellScriptBuildPhase;
			buildActionMask = 2147483647;
			files = (
			);
			inputPaths = (
			);
			name = "Embed Pods Frameworks";
			outputPaths = (
			);
			runOnlyForDeploymentPostprocessing = 0;
			shellPath = /bin/sh;
			shellScript = "\"${SRCROOT}/Pods/Target Support Files/Pods/Pods-frameworks.sh\"\n";
			showEnvVarsInLog = 0;
		};
		6E76E601E292651B60F2F598 /* Check Pods Manifest.lock */ = {
			isa = PBXShellScriptBuildPhase;
			buildActionMask = 2147483647;
			files = (
			);
			inputPaths = (
			);
			name = "Check Pods Manifest.lock";
			outputPaths = (
			);
			runOnlyForDeploymentPostprocessing = 0;
			shellPath = /bin/sh;
			shellScript = "diff \"${PODS_ROOT}/../Podfile.lock\" \"${PODS_ROOT}/Manifest.lock\" > /dev/null\nif [[ $? != 0 ]] ; then\n    cat << EOM\nerror: The sandbox is not in sync with the Podfile.lock. Run 'pod install' or update your CocoaPods installation.\nEOM\n    exit 1\nfi\n";
			showEnvVarsInLog = 0;
		};
		F75A0EE5E4309826021C2E9C /* Copy Pods Resources */ = {
			isa = PBXShellScriptBuildPhase;
			buildActionMask = 2147483647;
			files = (
			);
			inputPaths = (
			);
			name = "Copy Pods Resources";
			outputPaths = (
			);
			runOnlyForDeploymentPostprocessing = 0;
			shellPath = /bin/sh;
			shellScript = "\"${SRCROOT}/Pods/Target Support Files/Pods/Pods-resources.sh\"\n";
			showEnvVarsInLog = 0;
		};
/* End PBXShellScriptBuildPhase section */

/* Begin PBXSourcesBuildPhase section */
		DF381B7C1C016236000B9AE8 /* Sources */ = {
			isa = PBXSourcesBuildPhase;
			buildActionMask = 2147483647;
			files = (
				DF381B8B1C016236000B9AE8 /* JLCollectionViewController.m in Sources */,
				DF381B9F1C01B744000B9AE8 /* JLAPIManager.m in Sources */,
				DF381B881C016236000B9AE8 /* AppDelegate.m in Sources */,
				DF381B9C1C01B3E3000B9AE8 /* JLCollectionViewCell.m in Sources */,
				DF381B851C016236000B9AE8 /* main.m in Sources */,
			);
			runOnlyForDeploymentPostprocessing = 0;
		};
/* End PBXSourcesBuildPhase section */

/* Begin PBXVariantGroup section */
		DF381B8C1C016236000B9AE8 /* Main.storyboard */ = {
			isa = PBXVariantGroup;
			children = (
				DF381B8D1C016236000B9AE8 /* Base */,
			);
			name = Main.storyboard;
			sourceTree = "<group>";
		};
		DF381B911C016236000B9AE8 /* LaunchScreen.storyboard */ = {
			isa = PBXVariantGroup;
			children = (
				DF381B921C016236000B9AE8 /* Base */,
			);
			name = LaunchScreen.storyboard;
			sourceTree = "<group>";
		};
/* End PBXVariantGroup section */

/* Begin XCBuildConfiguration section */
		DF381B951C016236000B9AE8 /* Debug */ = {
			isa = XCBuildConfiguration;
			buildSettings = {
				ALWAYS_SEARCH_USER_PATHS = NO;
				CLANG_CXX_LANGUAGE_STANDARD = "gnu++0x";
				CLANG_CXX_LIBRARY = "libc++";
				CLANG_ENABLE_MODULES = YES;
				CLANG_ENABLE_OBJC_ARC = YES;
				CLANG_WARN_BOOL_CONVERSION = YES;
				CLANG_WARN_CONSTANT_CONVERSION = YES;
				CLANG_WARN_DIRECT_OBJC_ISA_USAGE = YES_ERROR;
				CLANG_WARN_EMPTY_BODY = YES;
				CLANG_WARN_ENUM_CONVERSION = YES;
				CLANG_WARN_INT_CONVERSION = YES;
				CLANG_WARN_OBJC_ROOT_CLASS = YES_ERROR;
				CLANG_WARN_UNREACHABLE_CODE = YES;
				CLANG_WARN__DUPLICATE_METHOD_MATCH = YES;
				"CODE_SIGN_IDENTITY[sdk=iphoneos*]" = "iPhone Developer";
				COPY_PHASE_STRIP = NO;
				DEBUG_INFORMATION_FORMAT = dwarf;
				ENABLE_STRICT_OBJC_MSGSEND = YES;
				ENABLE_TESTABILITY = YES;
				GCC_C_LANGUAGE_STANDARD = gnu99;
				GCC_DYNAMIC_NO_PIC = NO;
				GCC_NO_COMMON_BLOCKS = YES;
				GCC_OPTIMIZATION_LEVEL = 0;
				GCC_PREPROCESSOR_DEFINITIONS = (
					"DEBUG=1",
					"$(inherited)",
				);
				GCC_WARN_64_TO_32_BIT_CONVERSION = YES;
				GCC_WARN_ABOUT_RETURN_TYPE = YES_ERROR;
				GCC_WARN_UNDECLARED_SELECTOR = YES;
				GCC_WARN_UNINITIALIZED_AUTOS = YES_AGGRESSIVE;
				GCC_WARN_UNUSED_FUNCTION = YES;
				GCC_WARN_UNUSED_VARIABLE = YES;
				IPHONEOS_DEPLOYMENT_TARGET = 9.1;
				MTL_ENABLE_DEBUG_INFO = YES;
				ONLY_ACTIVE_ARCH = YES;
				SDKROOT = iphoneos;
			};
			name = Debug;
		};
		DF381B961C016236000B9AE8 /* Release */ = {
			isa = XCBuildConfiguration;
			buildSettings = {
				ALWAYS_SEARCH_USER_PATHS = NO;
				CLANG_CXX_LANGUAGE_STANDARD = "gnu++0x";
				CLANG_CXX_LIBRARY = "libc++";
				CLANG_ENABLE_MODULES = YES;
				CLANG_ENABLE_OBJC_ARC = YES;
				CLANG_WARN_BOOL_CONVERSION = YES;
				CLANG_WARN_CONSTANT_CONVERSION = YES;
				CLANG_WARN_DIRECT_OBJC_ISA_USAGE = YES_ERROR;
				CLANG_WARN_EMPTY_BODY = YES;
				CLANG_WARN_ENUM_CONVERSION = YES;
				CLANG_WARN_INT_CONVERSION = YES;
				CLANG_WARN_OBJC_ROOT_CLASS = YES_ERROR;
				CLANG_WARN_UNREACHABLE_CODE = YES;
				CLANG_WARN__DUPLICATE_METHOD_MATCH = YES;
				"CODE_SIGN_IDENTITY[sdk=iphoneos*]" = "iPhone Developer";
				COPY_PHASE_STRIP = NO;
				DEBUG_INFORMATION_FORMAT = "dwarf-with-dsym";
				ENABLE_NS_ASSERTIONS = NO;
				ENABLE_STRICT_OBJC_MSGSEND = YES;
				GCC_C_LANGUAGE_STANDARD = gnu99;
				GCC_NO_COMMON_BLOCKS = YES;
				GCC_WARN_64_TO_32_BIT_CONVERSION = YES;
				GCC_WARN_ABOUT_RETURN_TYPE = YES_ERROR;
				GCC_WARN_UNDECLARED_SELECTOR = YES;
				GCC_WARN_UNINITIALIZED_AUTOS = YES_AGGRESSIVE;
				GCC_WARN_UNUSED_FUNCTION = YES;
				GCC_WARN_UNUSED_VARIABLE = YES;
				IPHONEOS_DEPLOYMENT_TARGET = 9.1;
				MTL_ENABLE_DEBUG_INFO = NO;
				SDKROOT = iphoneos;
				VALIDATE_PRODUCT = YES;
			};
			name = Release;
		};
		DF381B981C016236000B9AE8 /* Debug */ = {
			isa = XCBuildConfiguration;
			baseConfigurationReference = 85E4151D8035C06DB7FCD295 /* Pods.debug.xcconfig */;
			buildSettings = {
				ASSETCATALOG_COMPILER_APPICON_NAME = AppIcon;
				CODE_SIGN_IDENTITY = "iPhone Developer";
				INFOPLIST_FILE = Last_Twenty_Instagram/Info.plist;
				LD_RUNPATH_SEARCH_PATHS = "$(inherited) @executable_path/Frameworks";
				PRODUCT_BUNDLE_IDENTIFIER = "JLI.Last-Twenty-Instagram";
				PRODUCT_NAME = "$(TARGET_NAME)";
			};
			name = Debug;
		};
		DF381B991C016236000B9AE8 /* Release */ = {
			isa = XCBuildConfiguration;
			baseConfigurationReference = BE5C76B9A5E961AED9457A5A /* Pods.release.xcconfig */;
			buildSettings = {
				ASSETCATALOG_COMPILER_APPICON_NAME = AppIcon;
				CODE_SIGN_IDENTITY = "iPhone Developer";
				INFOPLIST_FILE = Last_Twenty_Instagram/Info.plist;
				LD_RUNPATH_SEARCH_PATHS = "$(inherited) @executable_path/Frameworks";
				PRODUCT_BUNDLE_IDENTIFIER = "JLI.Last-Twenty-Instagram";
				PRODUCT_NAME = "$(TARGET_NAME)";
			};
			name = Release;
		};
/* End XCBuildConfiguration section */

/* Begin XCConfigurationList section */
		DF381B7B1C016236000B9AE8 /* Build configuration list for PBXProject "Last_Twenty_Instagram" */ = {
			isa = XCConfigurationList;
			buildConfigurations = (
				DF381B951C016236000B9AE8 /* Debug */,
				DF381B961C016236000B9AE8 /* Release */,
			);
			defaultConfigurationIsVisible = 0;
			defaultConfigurationName = Release;
		};
		DF381B971C016236000B9AE8 /* Build configuration list for PBXNativeTarget "Last_Twenty_Instagram" */ = {
			isa = XCConfigurationList;
			buildConfigurations = (
				DF381B981C016236000B9AE8 /* Debug */,
				DF381B991C016236000B9AE8 /* Release */,
			);
			defaultConfigurationIsVisible = 0;
			defaultConfigurationName = Release;
		};
/* End XCConfigurationList section */
	};
	rootObject = DF381B781C016236000B9AE8 /* Project object */;
}
